Microsoft Visual Studio Solution File, Format Version 11.00
# Visual Studio 2010
Project("{2150E333-8FDC-42A3-9474-1A3956D46DE8}") = "DotNetNuke 4", "DotNetNuke 4", "{EB435B89-6AD9-4E96-9762-CBA00EBE5B5A}"
EndProject
Project("{2150E333-8FDC-42A3-9474-1A3956D46DE8}") = "DotNetNuke 5", "DotNetNuke 5", "{E8A31FE9-7E72-4992-AA9C-BDCF87EFBFEB}"
EndProject
Project("{FAE04EC0-301F-11D3-BF4B-00C04F79EFBC}") = "SkinObjects.ModuleActionsMenu-DNN4", "DNN4\SkinObjects.ModuleActionsMenu-DNN4.csproj", "{A202F1B6-92FC-4039-8A77-14C03DED0CB6}"
EndProject
Project("{FAE04EC0-301F-11D3-BF4B-00C04F79EFBC}") = "SkinObjects.ModuleActionsMenu-DNN5", "DNN5\SkinObjects.ModuleActionsMenu-DNN5.csproj", "{83F29EFB-63D1-4136-97C9-3C71175DF932}"
EndProject
Project("{2150E333-8FDC-42A3-9474-1A3956D46DE8}") = "DotNetNuke 6", "DotNetNuke 6", "{DAA73090-F7C7-410D-B015-22F38BBF7C9A}"
EndProject
Project("{FAE04EC0-301F-11D3-BF4B-00C04F79EFBC}") = "SkinObjects.ModuleActionsMenu-DNN6", "DNN6\SkinObjects.ModuleActionsMenu-DNN6.csproj", "{6BF82061-D93E-4C3A-B0D9-CD77D263C0EC}"
EndProject
Global
	GlobalSection(SolutionConfigurationPlatforms) = preSolution
		Debug|Any CPU = Debug|Any CPU
		Deploy|Any CPU = Deploy|Any CPU
		Release|Any CPU = Release|Any CPU
	EndGlobalSection
	GlobalSection(ProjectConfigurationPlatforms) = postSolution
		{A202F1B6-92FC-4039-8A77-14C03DED0CB6}.Debug|Any CPU.ActiveCfg = Debug|Any CPU
		{A202F1B6-92FC-4039-8A77-14C03DED0CB6}.Debug|Any CPU.Build.0 = Debug|Any CPU
		{A202F1B6-92FC-4039-8A77-14C03DED0CB6}.Deploy|Any CPU.ActiveCfg = Deploy|Any CPU
		{A202F1B6-92FC-4039-8A77-14C03DED0CB6}.Deploy|Any CPU.Build.0 = Deploy|Any CPU
		{A202F1B6-92FC-4039-8A77-14C03DED0CB6}.Release|Any CPU.ActiveCfg = Release|Any CPU
		{A202F1B6-92FC-4039-8A77-14C03DED0CB6}.Release|Any CPU.Build.0 = Release|Any CPU
		{83F29EFB-63D1-4136-97C9-3C71175DF932}.Debug|Any CPU.ActiveCfg = Debug|Any CPU
		{83F29EFB-63D1-4136-97C9-3C71175DF932}.Debug|Any CPU.Build.0 = Debug|Any CPU
		{83F29EFB-63D1-4136-97C9-3C71175DF932}.Deploy|Any CPU.ActiveCfg = Deploy|Any CPU
		{83F29EFB-63D1-4136-97C9-3C71175DF932}.Deploy|Any CPU.Build.0 = Deploy|Any CPU
		{83F29EFB-63D1-4136-97C9-3C71175DF932}.Release|Any CPU.ActiveCfg = Release|Any CPU
		{83F29EFB-63D1-4136-97C9-3C71175DF932}.Release|Any CPU.Build.0 = Release|Any CPU
		{6BF82061-D93E-4C3A-B0D9-CD77D263C0EC}.Debug|Any CPU.ActiveCfg = Debug|Any CPU
		{6BF82061-D93E-4C3A-B0D9-CD77D263C0EC}.Debug|Any CPU.Build.0 = Debug|Any CPU
		{6BF82061-D93E-4C3A-B0D9-CD77D263C0EC}.Deploy|Any CPU.ActiveCfg = Deploy|Any CPU
		{6BF82061-D93E-4C3A-B0D9-CD77D263C0EC}.Deploy|Any CPU.Build.0 = Deploy|Any CPU
		{6BF82061-D93E-4C3A-B0D9-CD77D263C0EC}.Release|Any CPU.ActiveCfg = Release|Any CPU
		{6BF82061-D93E-4C3A-B0D9-CD77D263C0EC}.Release|Any CPU.Build.0 = Release|Any CPU
	EndGlobalSection
	GlobalSection(SolutionProperties) = preSolution
		HideSolutionNode = FALSE
	EndGlobalSection
	GlobalSection(NestedProjects) = preSolution
		{A202F1B6-92FC-4039-8A77-14C03DED0CB6} = {EB435B89-6AD9-4E96-9762-CBA00EBE5B5A}
		{83F29EFB-63D1-4136-97C9-3C71175DF932} = {E8A31FE9-7E72-4992-AA9C-BDCF87EFBFEB}
		{6BF82061-D93E-4C3A-B0D9-CD77D263C0EC} = {DAA73090-F7C7-410D-B015-22F38BBF7C9A}
	EndGlobalSection
EndGlobal
